
Microsoft Visual Studio Solution File, Format Version 12.00
# Visual Studio Version 16
VisualStudioVersion = 16.0.31613.86
MinimumVisualStudioVersion = 10.0.40219.1
Project("{FAE04EC0-301F-11D3-BF4B-00C04F79EFBC}") = "MetroAppComercial2021.Windows", "MetroAppComercial2021.Windows\MetroAppComercial2021.Windows.csproj", "{E286380E-653D-4296-B511-01AD6DED2DEE}"
EndProject
Project("{FAE04EC0-301F-11D3-BF4B-00C04F79EFBC}") = "MetroAppComercial2021.Entidades", "MetroAppComercial2021.Entidades\MetroAppComercial2021.Entidades.csproj", "{674F2048-7A54-4D09-8844-9F3E84BBBB19}"
EndProject
Project("{FAE04EC0-301F-11D3-BF4B-00C04F79EFBC}") = "MetroAppComercial2021.Datos.Comun", "MetroAppComercial2021.Datos.Comun\MetroAppComercial2021.Datos.Comun.csproj", "{E8786A5C-AFC0-4A2A-8811-326DBD430D58}"
EndProject
Project("{FAE04EC0-301F-11D3-BF4B-00C04F79EFBC}") = "MetroAppComercial2021.Datos.Sql", "MetroAppComercial2021.Datos.Sql\MetroAppComercial2021.Datos.Sql.csproj", "{80862CAE-66B6-4F71-84CA-77D4404BA71E}"
EndProject
Project("{FAE04EC0-301F-11D3-BF4B-00C04F79EFBC}") = "MetroAppComercial2021.Datos.Access", "MetroAppComercial2021.Datos.Access\MetroAppComercial2021.Datos.Access.csproj", "{7BED3528-3DD6-4170-BE50-64CA8F94FCB4}"
EndProject
Project("{FAE04EC0-301F-11D3-BF4B-00C04F79EFBC}") = "MetroAppComercial2021.Servicios", "MetroAppComercial2021.Servicios\MetroAppComercial2021.Servicios.csproj", "{2E45833F-C311-4551-B91C-6754EBA70211}"
EndProject
Project("{FAE04EC0-301F-11D3-BF4B-00C04F79EFBC}") = "MetroAppComercial2021.Reportes", "MetroAppComercial2021.Reportes\MetroAppComercial2021.Reportes.csproj", "{6F77879A-DA46-450B-8E0C-99E3BE4C7AFE}"
EndProject
Global
	GlobalSection(SolutionConfigurationPlatforms) = preSolution
		Debug|Any CPU = Debug|Any CPU
		Release|Any CPU = Release|Any CPU
	EndGlobalSection
	GlobalSection(ProjectConfigurationPlatforms) = postSolution
		{E286380E-653D-4296-B511-01AD6DED2DEE}.Debug|Any CPU.ActiveCfg = Debug|Any CPU
		{E286380E-653D-4296-B511-01AD6DED2DEE}.Debug|Any CPU.Build.0 = Debug|Any CPU
		{E286380E-653D-4296-B511-01AD6DED2DEE}.Release|Any CPU.ActiveCfg = Release|Any CPU
		{E286380E-653D-4296-B511-01AD6DED2DEE}.Release|Any CPU.Build.0 = Release|Any CPU
		{674F2048-7A54-4D09-8844-9F3E84BBBB19}.Debug|Any CPU.ActiveCfg = Debug|Any CPU
		{674F2048-7A54-4D09-8844-9F3E84BBBB19}.Debug|Any CPU.Build.0 = Debug|Any CPU
		{674F2048-7A54-4D09-8844-9F3E84BBBB19}.Release|Any CPU.ActiveCfg = Release|Any CPU
		{674F2048-7A54-4D09-8844-9F3E84BBBB19}.Release|Any CPU.Build.0 = Release|Any CPU
		{E8786A5C-AFC0-4A2A-8811-326DBD430D58}.Debug|Any CPU.ActiveCfg = Debug|Any CPU
		{E8786A5C-AFC0-4A2A-8811-326DBD430D58}.Debug|Any CPU.Build.0 = Debug|Any CPU
		{E8786A5C-AFC0-4A2A-8811-326DBD430D58}.Release|Any CPU.ActiveCfg = Release|Any CPU
		{E8786A5C-AFC0-4A2A-8811-326DBD430D58}.Release|Any CPU.Build.0 = Release|Any CPU
		{80862CAE-66B6-4F71-84CA-77D4404BA71E}.Debug|Any CPU.ActiveCfg = Debug|Any CPU
		{80862CAE-66B6-4F71-84CA-77D4404BA71E}.Debug|Any CPU.Build.0 = Debug|Any CPU
		{80862CAE-66B6-4F71-84CA-77D4404BA71E}.Release|Any CPU.ActiveCfg = Release|Any CPU
		{80862CAE-66B6-4F71-84CA-77D4404BA71E}.Release|Any CPU.Build.0 = Release|Any CPU
		{7BED3528-3DD6-4170-BE50-64CA8F94FCB4}.Debug|Any CPU.ActiveCfg = Debug|Any CPU
		{7BED3528-3DD6-4170-BE50-64CA8F94FCB4}.Debug|Any CPU.Build.0 = Debug|Any CPU
		{7BED3528-3DD6-4170-BE50-64CA8F94FCB4}.Release|Any CPU.ActiveCfg = Release|Any CPU
		{7BED3528-3DD6-4170-BE50-64CA8F94FCB4}.Release|Any CPU.Build.0 = Release|Any CPU
		{2E45833F-C311-4551-B91C-6754EBA70211}.Debug|Any CPU.ActiveCfg = Debug|Any CPU
		{2E45833F-C311-4551-B91C-6754EBA70211}.Debug|Any CPU.Build.0 = Debug|Any CPU
		{2E45833F-C311-4551-B91C-6754EBA70211}.Release|Any CPU.ActiveCfg = Release|Any CPU
		{2E45833F-C311-4551-B91C-6754EBA70211}.Release|Any CPU.Build.0 = Release|Any CPU
		{6F77879A-DA46-450B-8E0C-99E3BE4C7AFE}.Debug|Any CPU.ActiveCfg = Debug|Any CPU
		{6F77879A-DA46-450B-8E0C-99E3BE4C7AFE}.Debug|Any CPU.Build.0 = Debug|Any CPU
		{6F77879A-DA46-450B-8E0C-99E3BE4C7AFE}.Release|Any CPU.ActiveCfg = Release|Any CPU
		{6F77879A-DA46-450B-8E0C-99E3BE4C7AFE}.Release|Any CPU.Build.0 = Release|Any CPU
	EndGlobalSection
	GlobalSection(SolutionProperties) = preSolution
		HideSolutionNode = FALSE
	EndGlobalSection
	GlobalSection(ExtensibilityGlobals) = postSolution
		SolutionGuid = {B709C048-B8B9-4327-9FC4-4AE1B9BFE284}
	EndGlobalSection
EndGlobal
